
Microsoft Visual Studio Solution File, Format Version 12.00
# Visual Studio Version 16
VisualStudioVersion = 16.0.29215.179
MinimumVisualStudioVersion = 10.0.40219.1
Project("{FAE04EC0-301F-11D3-BF4B-00C04F79EFBC}") = "BooksApi", "BooksApi.csproj", "{CC986652-B8E4-4A5D-996E-22A7514700CB}"
EndProject
Global
	GlobalSection(SolutionConfigurationPlatforms) = preSolution
		Debug|Any CPU = Debug|Any CPU
		Release|Any CPU = Release|Any CPU
	EndGlobalSection
	GlobalSection(ProjectConfigurationPlatforms) = postSolution
		{CC986652-B8E4-4A5D-996E-22A7514700CB}.Debug|Any CPU.ActiveCfg = Debug|Any CPU
		{CC986652-B8E4-4A5D-996E-22A7514700CB}.Debug|Any CPU.Build.0 = Debug|Any CPU
		{CC986652-B8E4-4A5D-996E-22A7514700CB}.Release|Any CPU.ActiveCfg = Release|Any CPU
		{CC986652-B8E4-4A5D-996E-22A7514700CB}.Release|Any CPU.Build.0 = Release|Any CPU
	EndGlobalSection
	GlobalSection(SolutionProperties) = preSolution
		HideSolutionNode = FALSE
	EndGlobalSection
	GlobalSection(ExtensibilityGlobals) = postSolution
		SolutionGuid = {96B3B31C-50B4-4954-BA4A-0AC0E32B9168}
	EndGlobalSection
EndGlobal
